
Microsoft Visual Studio Solution File, Format Version 12.00
Project("{FAE04EC0-301F-11D3-BF4B-00C04F79EFBC}") = "Logger", "Logger\Logger.csproj", "{3B79B0DE-1EC7-4CAC-8649-BE88EC206823}"
EndProject
Project("{FAE04EC0-301F-11D3-BF4B-00C04F79EFBC}") = "PaymentSystems", "PaymentSystems\PaymentSystems.csproj", "{6C34178A-067C-4D13-AD43-1B8FD4E2E999}"
EndProject
Project("{FAE04EC0-301F-11D3-BF4B-00C04F79EFBC}") = "CleanCode_ExampleTask1", "CleanCode_ExampleTask1\CleanCode_ExampleTask1.csproj", "{F9171681-EF63-49DF-B47B-6C3AB613DD6C}"
EndProject
Project("{FAE04EC0-301F-11D3-BF4B-00C04F79EFBC}") = "CleanCode_ExampleTask2", "CleanCode_ExampleTask2\CleanCode_ExampleTask2.csproj", "{19F998A1-6211-4E25-BA10-29A6AB40A67B}"
EndProject
Project("{FAE04EC0-301F-11D3-BF4B-00C04F79EFBC}") = "CleanCode_ExampleTask10", "CleanCode_ExampleTask10\CleanCode_ExampleTask10.csproj", "{71C9A297-2BCA-42D9-AFD2-92EEA32BE21F}"
EndProject
Project("{FAE04EC0-301F-11D3-BF4B-00C04F79EFBC}") = "CleanCode_ExampleTask11", "CleanCode_ExampleTask11\CleanCode_ExampleTask11.csproj", "{DEBC27DB-16DC-4713-8B13-AA3FB639CA97}"
EndProject
Project("{FAE04EC0-301F-11D3-BF4B-00C04F79EFBC}") = "CleanCode_ExampleTask14", "CleanCode_ExampleTask14\CleanCode_ExampleTask14.csproj", "{05A3CBC7-BA0F-4911-A05D-E233F7F11188}"
EndProject
Global
	GlobalSection(SolutionConfigurationPlatforms) = preSolution
		Debug|Any CPU = Debug|Any CPU
		Release|Any CPU = Release|Any CPU
	EndGlobalSection
	GlobalSection(ProjectConfigurationPlatforms) = postSolution
		{3B79B0DE-1EC7-4CAC-8649-BE88EC206823}.Debug|Any CPU.ActiveCfg = Debug|Any CPU
		{3B79B0DE-1EC7-4CAC-8649-BE88EC206823}.Debug|Any CPU.Build.0 = Debug|Any CPU
		{3B79B0DE-1EC7-4CAC-8649-BE88EC206823}.Release|Any CPU.ActiveCfg = Release|Any CPU
		{3B79B0DE-1EC7-4CAC-8649-BE88EC206823}.Release|Any CPU.Build.0 = Release|Any CPU
		{6C34178A-067C-4D13-AD43-1B8FD4E2E999}.Debug|Any CPU.ActiveCfg = Debug|Any CPU
		{6C34178A-067C-4D13-AD43-1B8FD4E2E999}.Debug|Any CPU.Build.0 = Debug|Any CPU
		{6C34178A-067C-4D13-AD43-1B8FD4E2E999}.Release|Any CPU.ActiveCfg = Release|Any CPU
		{6C34178A-067C-4D13-AD43-1B8FD4E2E999}.Release|Any CPU.Build.0 = Release|Any CPU
		{F9171681-EF63-49DF-B47B-6C3AB613DD6C}.Debug|Any CPU.ActiveCfg = Debug|Any CPU
		{F9171681-EF63-49DF-B47B-6C3AB613DD6C}.Debug|Any CPU.Build.0 = Debug|Any CPU
		{F9171681-EF63-49DF-B47B-6C3AB613DD6C}.Release|Any CPU.ActiveCfg = Release|Any CPU
		{F9171681-EF63-49DF-B47B-6C3AB613DD6C}.Release|Any CPU.Build.0 = Release|Any CPU
		{19F998A1-6211-4E25-BA10-29A6AB40A67B}.Debug|Any CPU.ActiveCfg = Debug|Any CPU
		{19F998A1-6211-4E25-BA10-29A6AB40A67B}.Debug|Any CPU.Build.0 = Debug|Any CPU
		{19F998A1-6211-4E25-BA10-29A6AB40A67B}.Release|Any CPU.ActiveCfg = Release|Any CPU
		{19F998A1-6211-4E25-BA10-29A6AB40A67B}.Release|Any CPU.Build.0 = Release|Any CPU
		{71C9A297-2BCA-42D9-AFD2-92EEA32BE21F}.Debug|Any CPU.ActiveCfg = Debug|Any CPU
		{71C9A297-2BCA-42D9-AFD2-92EEA32BE21F}.Debug|Any CPU.Build.0 = Debug|Any CPU
		{71C9A297-2BCA-42D9-AFD2-92EEA32BE21F}.Release|Any CPU.ActiveCfg = Release|Any CPU
		{71C9A297-2BCA-42D9-AFD2-92EEA32BE21F}.Release|Any CPU.Build.0 = Release|Any CPU
		{DEBC27DB-16DC-4713-8B13-AA3FB639CA97}.Debug|Any CPU.ActiveCfg = Debug|Any CPU
		{DEBC27DB-16DC-4713-8B13-AA3FB639CA97}.Debug|Any CPU.Build.0 = Debug|Any CPU
		{DEBC27DB-16DC-4713-8B13-AA3FB639CA97}.Release|Any CPU.ActiveCfg = Release|Any CPU
		{DEBC27DB-16DC-4713-8B13-AA3FB639CA97}.Release|Any CPU.Build.0 = Release|Any CPU
		{05A3CBC7-BA0F-4911-A05D-E233F7F11188}.Debug|Any CPU.ActiveCfg = Debug|Any CPU
		{05A3CBC7-BA0F-4911-A05D-E233F7F11188}.Debug|Any CPU.Build.0 = Debug|Any CPU
		{05A3CBC7-BA0F-4911-A05D-E233F7F11188}.Release|Any CPU.ActiveCfg = Release|Any CPU
		{05A3CBC7-BA0F-4911-A05D-E233F7F11188}.Release|Any CPU.Build.0 = Release|Any CPU
	EndGlobalSection
EndGlobal
